
Microsoft Visual Studio Solution File, Format Version 12.00
# Visual Studio Version 16
VisualStudioVersion = 16.0.29509.3
MinimumVisualStudioVersion = 10.0.40219.1
Project("{FAE04EC0-301F-11D3-BF4B-00C04F79EFBC}") = "Calculator", "Calculator.csproj", "{78B6505C-B6A8-4550-988E-ED39007CF30D}"
EndProject
Project("{FAE04EC0-301F-11D3-BF4B-00C04F79EFBC}") = "Operations", "..\Operations\Operations.csproj", "{116CDC1B-EF4E-417E-A3E9-467686C18F9D}"
EndProject
Project("{FAE04EC0-301F-11D3-BF4B-00C04F79EFBC}") = "CalculatorTests", "..\CalculatorTests\CalculatorTests.csproj", "{89DA7EA2-577C-45B8-B2AD-EF6BB120A563}"
EndProject
Project("{FAE04EC0-301F-11D3-BF4B-00C04F79EFBC}") = "OperationTests", "..\OperationTests\OperationTests.csproj", "{4A5B9F40-5EC4-44B8-86A0-1A1B50118F9F}"
EndProject
Global
	GlobalSection(SolutionConfigurationPlatforms) = preSolution
		Debug|Any CPU = Debug|Any CPU
		Release|Any CPU = Release|Any CPU
	EndGlobalSection
	GlobalSection(ProjectConfigurationPlatforms) = postSolution
		{78B6505C-B6A8-4550-988E-ED39007CF30D}.Debug|Any CPU.ActiveCfg = Debug|Any CPU
		{78B6505C-B6A8-4550-988E-ED39007CF30D}.Debug|Any CPU.Build.0 = Debug|Any CPU
		{78B6505C-B6A8-4550-988E-ED39007CF30D}.Release|Any CPU.ActiveCfg = Release|Any CPU
		{78B6505C-B6A8-4550-988E-ED39007CF30D}.Release|Any CPU.Build.0 = Release|Any CPU
		{116CDC1B-EF4E-417E-A3E9-467686C18F9D}.Debug|Any CPU.ActiveCfg = Debug|Any CPU
		{116CDC1B-EF4E-417E-A3E9-467686C18F9D}.Debug|Any CPU.Build.0 = Debug|Any CPU
		{116CDC1B-EF4E-417E-A3E9-467686C18F9D}.Release|Any CPU.ActiveCfg = Release|Any CPU
		{116CDC1B-EF4E-417E-A3E9-467686C18F9D}.Release|Any CPU.Build.0 = Release|Any CPU
		{89DA7EA2-577C-45B8-B2AD-EF6BB120A563}.Debug|Any CPU.ActiveCfg = Debug|Any CPU
		{89DA7EA2-577C-45B8-B2AD-EF6BB120A563}.Debug|Any CPU.Build.0 = Debug|Any CPU
		{89DA7EA2-577C-45B8-B2AD-EF6BB120A563}.Release|Any CPU.ActiveCfg = Release|Any CPU
		{89DA7EA2-577C-45B8-B2AD-EF6BB120A563}.Release|Any CPU.Build.0 = Release|Any CPU
		{4A5B9F40-5EC4-44B8-86A0-1A1B50118F9F}.Debug|Any CPU.ActiveCfg = Debug|Any CPU
		{4A5B9F40-5EC4-44B8-86A0-1A1B50118F9F}.Debug|Any CPU.Build.0 = Debug|Any CPU
		{4A5B9F40-5EC4-44B8-86A0-1A1B50118F9F}.Release|Any CPU.ActiveCfg = Release|Any CPU
		{4A5B9F40-5EC4-44B8-86A0-1A1B50118F9F}.Release|Any CPU.Build.0 = Release|Any CPU
	EndGlobalSection
	GlobalSection(SolutionProperties) = preSolution
		HideSolutionNode = FALSE
	EndGlobalSection
	GlobalSection(ExtensibilityGlobals) = postSolution
		SolutionGuid = {A11FAA58-1E40-4893-BBC3-5059BD912BFF}
	EndGlobalSection
EndGlobal
